// !$*UTF8*$!
{
	archiveVersion = 1;
	classes = {
	};
	objectVersion = 46;
	objects = {

/* Begin PBXBuildFile section */
		8B202EA11A86CF220096D2DB /* STListTweetInteractor.m in Sources */ = {isa = PBXBuildFile; fileRef = 8B202EA01A86CF220096D2DB /* STListTweetInteractor.m */; };
		8B202EA41A86D5170096D2DB /* STListTweetPresenter.m in Sources */ = {isa = PBXBuildFile; fileRef = 8B202EA31A86D5170096D2DB /* STListTweetPresenter.m */; };
		8B202EA71A86DEED0096D2DB /* STListTweetWireframe.m in Sources */ = {isa = PBXBuildFile; fileRef = 8B202EA61A86DEED0096D2DB /* STListTweetWireframe.m */; };
		8B202EAB1A86DF7A0096D2DB /* STRootViewWireframe.m in Sources */ = {isa = PBXBuildFile; fileRef = 8B202EAA1A86DF7A0096D2DB /* STRootViewWireframe.m */; };
		8B202EAE1A86E1640096D2DB /* STAppDependencies.m in Sources */ = {isa = PBXBuildFile; fileRef = 8B202EAD1A86E1640096D2DB /* STAppDependencies.m */; };
		8B202EB11A870D590096D2DB /* STTwitterViewDelegateHandler.m in Sources */ = {isa = PBXBuildFile; fileRef = 8B202EB01A870D590096D2DB /* STTwitterViewDelegateHandler.m */; };
		8B2FE3A61A883B950063C1E2 /* STRecordPresenter.m in Sources */ = {isa = PBXBuildFile; fileRef = 8B2FE3A51A883B950063C1E2 /* STRecordPresenter.m */; };
		8B2FE3A91A883BBE0063C1E2 /* STRecordWireframe.m in Sources */ = {isa = PBXBuildFile; fileRef = 8B2FE3A81A883BBE0063C1E2 /* STRecordWireframe.m */; };
		8B2FE3AB1A8843100063C1E2 /* CoreData.framework in Frameworks */ = {isa = PBXBuildFile; fileRef = 8B2FE3AA1A8843100063C1E2 /* CoreData.framework */; };
		8B41DF711A8926E900F5C7A0 /* TwitterKit.framework in Frameworks */ = {isa = PBXBuildFile; fileRef = 8B41DF6F1A8926E900F5C7A0 /* TwitterKit.framework */; };
		8B41DF721A8926E900F5C7A0 /* TwitterKitResources.bundle in Resources */ = {isa = PBXBuildFile; fileRef = 8B41DF701A8926E900F5C7A0 /* TwitterKitResources.bundle */; };
		8B4609E21A7EF28500F2231B /* tick.wav in Resources */ = {isa = PBXBuildFile; fileRef = 8B4609E11A7EF28500F2231B /* tick.wav */; };
		8B5527A91A96DB720084C865 /* STS3SongUploadService.m in Sources */ = {isa = PBXBuildFile; fileRef = 8B5527A81A96DB720084C865 /* STS3SongUploadService.m */; };
		8B6148B01A7599CE0083CF7D /* TPOscilloscopeLayer.m in Sources */ = {isa = PBXBuildFile; fileRef = 8B6148AF1A7599CE0083CF7D /* TPOscilloscopeLayer.m */; };
		8B6148B31A767BBC0083CF7D /* STRecordingTweetView.m in Sources */ = {isa = PBXBuildFile; fileRef = 8B6148B21A767BBC0083CF7D /* STRecordingTweetView.m */; };
		8B852CFE1A88186400B40722 /* STRecordInteractor.m in Sources */ = {isa = PBXBuildFile; fileRef = 8B852CFD1A88186400B40722 /* STRecordInteractor.m */; };
		8B8A46E01A84624100A8BA8B /* STListTweetViewController.m in Sources */ = {isa = PBXBuildFile; fileRef = 8B8A46DF1A84624100A8BA8B /* STListTweetViewController.m */; };
		8B8A46E41A8465F000A8BA8B /* STListTweetDataManager.m in Sources */ = {isa = PBXBuildFile; fileRef = 8B8A46E31A8465F000A8BA8B /* STListTweetDataManager.m */; };
		8B9E08281A68B6EF0041FCC2 /* main.m in Sources */ = {isa = PBXBuildFile; fileRef = 8B9E08271A68B6EF0041FCC2 /* main.m */; };
		8B9E082B1A68B6EF0041FCC2 /* AppDelegate.m in Sources */ = {isa = PBXBuildFile; fileRef = 8B9E082A1A68B6EF0041FCC2 /* AppDelegate.m */; };
		8B9E082E1A68B6EF0041FCC2 /* STRecordViewController.m in Sources */ = {isa = PBXBuildFile; fileRef = 8B9E082D1A68B6EF0041FCC2 /* STRecordViewController.m */; };
		8B9E08311A68B6EF0041FCC2 /* Main.storyboard in Resources */ = {isa = PBXBuildFile; fileRef = 8B9E082F1A68B6EF0041FCC2 /* Main.storyboard */; };
		8B9E08331A68B6EF0041FCC2 /* Images.xcassets in Resources */ = {isa = PBXBuildFile; fileRef = 8B9E08321A68B6EF0041FCC2 /* Images.xcassets */; };
		8B9E08361A68B6EF0041FCC2 /* LaunchScreen.xib in Resources */ = {isa = PBXBuildFile; fileRef = 8B9E08341A68B6EF0041FCC2 /* LaunchScreen.xib */; };
		8B9E08421A68B6EF0041FCC2 /* singatweetTests.m in Sources */ = {isa = PBXBuildFile; fileRef = 8B9E08411A68B6EF0041FCC2 /* singatweetTests.m */; };
		8BDF90EE1A78AC090017A846 /* Fabric.framework in Frameworks */ = {isa = PBXBuildFile; fileRef = 8BDF90EB1A78AC090017A846 /* Fabric.framework */; };
		8BFA73361A78AF5D0033D6AC /* Crashlytics.framework in Frameworks */ = {isa = PBXBuildFile; fileRef = 8BFA73351A78AF5D0033D6AC /* Crashlytics.framework */; };
		F703042E819041E28C3B1941 /* libPods.a in Frameworks */ = {isa = PBXBuildFile; fileRef = 89255BCE403D4203A037031A /* libPods.a */; };
/* End PBXBuildFile section */

/* Begin PBXContainerItemProxy section */
		8B9E083C1A68B6EF0041FCC2 /* PBXContainerItemProxy */ = {
			isa = PBXContainerItemProxy;
			containerPortal = 8B9E081A1A68B6EF0041FCC2 /* Project object */;
			proxyType = 1;
			remoteGlobalIDString = 8B9E08211A68B6EF0041FCC2;
			remoteInfo = singatweet;
		};
/* End PBXContainerItemProxy section */

/* Begin PBXFileReference section */
		39A1E4D37F134CD683D35006 /* Pods.xcconfig */ = {isa = PBXFileReference; includeInIndex = 1; lastKnownFileType = text.xcconfig; name = Pods.xcconfig; path = Pods/Pods.xcconfig; sourceTree = "<group>"; };
		89255BCE403D4203A037031A /* libPods.a */ = {isa = PBXFileReference; explicitFileType = archive.ar; includeInIndex = 0; path = libPods.a; sourceTree = BUILT_PRODUCTS_DIR; };
		8B1276FB1A8DA2F700FFAC29 /* STRecordInteractorIO.h */ = {isa = PBXFileReference; lastKnownFileType = sourcecode.c.h; path = STRecordInteractorIO.h; sourceTree = "<group>"; };
		8B202E9E1A86CE020096D2DB /* STListTweetInteractorIO.h */ = {isa = PBXFileReference; lastKnownFileType = sourcecode.c.h; path = STListTweetInteractorIO.h; sourceTree = "<group>"; };
		8B202E9F1A86CF220096D2DB /* STListTweetInteractor.h */ = {isa = PBXFileReference; fileEncoding = 4; lastKnownFileType = sourcecode.c.h; path = STListTweetInteractor.h; sourceTree = "<group>"; };
		8B202EA01A86CF220096D2DB /* STListTweetInteractor.m */ = {isa = PBXFileReference; fileEncoding = 4; lastKnownFileType = sourcecode.c.objc; path = STListTweetInteractor.m; sourceTree = "<group>"; };
		8B202EA21A86D5170096D2DB /* STListTweetPresenter.h */ = {isa = PBXFileReference; fileEncoding = 4; lastKnownFileType = sourcecode.c.h; path = STListTweetPresenter.h; sourceTree = "<group>"; };
		8B202EA31A86D5170096D2DB /* STListTweetPresenter.m */ = {isa = PBXFileReference; fileEncoding = 4; lastKnownFileType = sourcecode.c.objc; path = STListTweetPresenter.m; sourceTree = "<group>"; };
		8B202EA51A86DEED0096D2DB /* STListTweetWireframe.h */ = {isa = PBXFileReference; fileEncoding = 4; lastKnownFileType = sourcecode.c.h; path = STListTweetWireframe.h; sourceTree = "<group>"; };
		8B202EA61A86DEED0096D2DB /* STListTweetWireframe.m */ = {isa = PBXFileReference; fileEncoding = 4; lastKnownFileType = sourcecode.c.objc; path = STListTweetWireframe.m; sourceTree = "<group>"; };
		8B202EA91A86DF7A0096D2DB /* STRootViewWireframe.h */ = {isa = PBXFileReference; fileEncoding = 4; lastKnownFileType = sourcecode.c.h; path = STRootViewWireframe.h; sourceTree = "<group>"; };
		8B202EAA1A86DF7A0096D2DB /* STRootViewWireframe.m */ = {isa = PBXFileReference; fileEncoding = 4; lastKnownFileType = sourcecode.c.objc; path = STRootViewWireframe.m; sourceTree = "<group>"; };
		8B202EAC1A86E1640096D2DB /* STAppDependencies.h */ = {isa = PBXFileReference; fileEncoding = 4; lastKnownFileType = sourcecode.c.h; path = STAppDependencies.h; sourceTree = "<group>"; };
		8B202EAD1A86E1640096D2DB /* STAppDependencies.m */ = {isa = PBXFileReference; fileEncoding = 4; lastKnownFileType = sourcecode.c.objc; path = STAppDependencies.m; sourceTree = "<group>"; };
		8B202EAF1A870D590096D2DB /* STTwitterViewDelegateHandler.h */ = {isa = PBXFileReference; fileEncoding = 4; lastKnownFileType = sourcecode.c.h; path = STTwitterViewDelegateHandler.h; sourceTree = "<group>"; };
		8B202EB01A870D590096D2DB /* STTwitterViewDelegateHandler.m */ = {isa = PBXFileReference; fileEncoding = 4; lastKnownFileType = sourcecode.c.objc; path = STTwitterViewDelegateHandler.m; sourceTree = "<group>"; };
		8B2FE3A41A883B950063C1E2 /* STRecordPresenter.h */ = {isa = PBXFileReference; fileEncoding = 4; lastKnownFileType = sourcecode.c.h; path = STRecordPresenter.h; sourceTree = "<group>"; };
		8B2FE3A51A883B950063C1E2 /* STRecordPresenter.m */ = {isa = PBXFileReference; fileEncoding = 4; lastKnownFileType = sourcecode.c.objc; path = STRecordPresenter.m; sourceTree = "<group>"; };
		8B2FE3A71A883BBE0063C1E2 /* STRecordWireframe.h */ = {isa = PBXFileReference; fileEncoding = 4; lastKnownFileType = sourcecode.c.h; path = STRecordWireframe.h; sourceTree = "<group>"; };
		8B2FE3A81A883BBE0063C1E2 /* STRecordWireframe.m */ = {isa = PBXFileReference; fileEncoding = 4; lastKnownFileType = sourcecode.c.objc; path = STRecordWireframe.m; sourceTree = "<group>"; };
		8B2FE3AA1A8843100063C1E2 /* CoreData.framework */ = {isa = PBXFileReference; lastKnownFileType = wrapper.framework; name = CoreData.framework; path = System/Library/Frameworks/CoreData.framework; sourceTree = SDKROOT; };
		8B41DF641A88500700F5C7A0 /* STRecordViewInterface.h */ = {isa = PBXFileReference; fileEncoding = 4; lastKnownFileType = sourcecode.c.h; path = STRecordViewInterface.h; sourceTree = "<group>"; };
		8B41DF6F1A8926E900F5C7A0 /* TwitterKit.framework */ = {isa = PBXFileReference; lastKnownFileType = wrapper.framework; path = TwitterKit.framework; sourceTree = "<group>"; };
		8B41DF701A8926E900F5C7A0 /* TwitterKitResources.bundle */ = {isa = PBXFileReference; lastKnownFileType = "wrapper.plug-in"; name = TwitterKitResources.bundle; path = TwitterKit.framework/Versions/A/Resources/TwitterKitResources.bundle; sourceTree = "<group>"; };
		8B4609E11A7EF28500F2231B /* tick.wav */ = {isa = PBXFileReference; lastKnownFileType = audio.wav; path = tick.wav; sourceTree = "<group>"; };
		8B5527A61A96DAF80084C865 /* STSongUploadService.h */ = {isa = PBXFileReference; lastKnownFileType = sourcecode.c.h; path = STSongUploadService.h; sourceTree = "<group>"; };
		8B5527A71A96DB720084C865 /* STS3SongUploadService.h */ = {isa = PBXFileReference; fileEncoding = 4; lastKnownFileType = sourcecode.c.h; path = STS3SongUploadService.h; sourceTree = "<group>"; };
		8B5527A81A96DB720084C865 /* STS3SongUploadService.m */ = {isa = PBXFileReference; fileEncoding = 4; lastKnownFileType = sourcecode.c.objc; path = STS3SongUploadService.m; sourceTree = "<group>"; };
		8B6148AE1A7599CE0083CF7D /* TPOscilloscopeLayer.h */ = {isa = PBXFileReference; fileEncoding = 4; lastKnownFileType = sourcecode.c.h; path = TPOscilloscopeLayer.h; sourceTree = "<group>"; };
		8B6148AF1A7599CE0083CF7D /* TPOscilloscopeLayer.m */ = {isa = PBXFileReference; fileEncoding = 4; lastKnownFileType = sourcecode.c.objc; path = TPOscilloscopeLayer.m; sourceTree = "<group>"; };
		8B6148B11A767BBC0083CF7D /* STRecordingTweetView.h */ = {isa = PBXFileReference; fileEncoding = 4; lastKnownFileType = sourcecode.c.h; path = STRecordingTweetView.h; sourceTree = "<group>"; };
		8B6148B21A767BBC0083CF7D /* STRecordingTweetView.m */ = {isa = PBXFileReference; fileEncoding = 4; lastKnownFileType = sourcecode.c.objc; path = STRecordingTweetView.m; sourceTree = "<group>"; };
		8B852CFB1A88170900B40722 /* STRecordModuleInterface.h */ = {isa = PBXFileReference; lastKnownFileType = sourcecode.c.h; path = STRecordModuleInterface.h; sourceTree = "<group>"; };
		8B852CFC1A88186400B40722 /* STRecordInteractor.h */ = {isa = PBXFileReference; fileEncoding = 4; lastKnownFileType = sourcecode.c.h; path = STRecordInteractor.h; sourceTree = "<group>"; };
		8B852CFD1A88186400B40722 /* STRecordInteractor.m */ = {isa = PBXFileReference; fileEncoding = 4; lastKnownFileType = sourcecode.c.objc; path = STRecordInteractor.m; sourceTree = "<group>"; };
		8B8A46DD1A84609D00A8BA8B /* STListModuleInteface.h */ = {isa = PBXFileReference; lastKnownFileType = sourcecode.c.h; path = STListModuleInteface.h; sourceTree = "<group>"; };
		8B8A46DE1A84624100A8BA8B /* STListTweetViewController.h */ = {isa = PBXFileReference; fileEncoding = 4; lastKnownFileType = sourcecode.c.h; path = STListTweetViewController.h; sourceTree = "<group>"; };
		8B8A46DF1A84624100A8BA8B /* STListTweetViewController.m */ = {isa = PBXFileReference; fileEncoding = 4; lastKnownFileType = sourcecode.c.objc; path = STListTweetViewController.m; sourceTree = "<group>"; };
		8B8A46E11A8462D200A8BA8B /* STListTweetViewInterface.h */ = {isa = PBXFileReference; lastKnownFileType = sourcecode.c.h; path = STListTweetViewInterface.h; sourceTree = "<group>"; };
		8B8A46E21A8465F000A8BA8B /* STListTweetDataManager.h */ = {isa = PBXFileReference; fileEncoding = 4; lastKnownFileType = sourcecode.c.h; path = STListTweetDataManager.h; sourceTree = "<group>"; };
		8B8A46E31A8465F000A8BA8B /* STListTweetDataManager.m */ = {isa = PBXFileReference; fileEncoding = 4; lastKnownFileType = sourcecode.c.objc; path = STListTweetDataManager.m; sourceTree = "<group>"; };
		8B9E08221A68B6EF0041FCC2 /* singatweet.app */ = {isa = PBXFileReference; explicitFileType = wrapper.application; includeInIndex = 0; path = singatweet.app; sourceTree = BUILT_PRODUCTS_DIR; };
		8B9E08261A68B6EF0041FCC2 /* Info.plist */ = {isa = PBXFileReference; lastKnownFileType = text.plist.xml; path = Info.plist; sourceTree = "<group>"; };
		8B9E08271A68B6EF0041FCC2 /* main.m */ = {isa = PBXFileReference; lastKnownFileType = sourcecode.c.objc; path = main.m; sourceTree = "<group>"; };
		8B9E08291A68B6EF0041FCC2 /* AppDelegate.h */ = {isa = PBXFileReference; lastKnownFileType = sourcecode.c.h; path = AppDelegate.h; sourceTree = "<group>"; };
		8B9E082A1A68B6EF0041FCC2 /* AppDelegate.m */ = {isa = PBXFileReference; lastKnownFileType = sourcecode.c.objc; path = AppDelegate.m; sourceTree = "<group>"; };
		8B9E082C1A68B6EF0041FCC2 /* STRecordViewController.h */ = {isa = PBXFileReference; lastKnownFileType = sourcecode.c.h; path = STRecordViewController.h; sourceTree = "<group>"; };
		8B9E082D1A68B6EF0041FCC2 /* STRecordViewController.m */ = {isa = PBXFileReference; lastKnownFileType = sourcecode.c.objc; path = STRecordViewController.m; sourceTree = "<group>"; };
		8B9E08301A68B6EF0041FCC2 /* Base */ = {isa = PBXFileReference; lastKnownFileType = file.storyboard; name = Base; path = Base.lproj/Main.storyboard; sourceTree = "<group>"; };
		8B9E08321A68B6EF0041FCC2 /* Images.xcassets */ = {isa = PBXFileReference; lastKnownFileType = folder.assetcatalog; path = Images.xcassets; sourceTree = "<group>"; };
		8B9E08351A68B6EF0041FCC2 /* Base */ = {isa = PBXFileReference; lastKnownFileType = file.xib; name = Base; path = Base.lproj/LaunchScreen.xib; sourceTree = "<group>"; };
		8B9E083B1A68B6EF0041FCC2 /* singatweetTests.xctest */ = {isa = PBXFileReference; explicitFileType = wrapper.cfbundle; includeInIndex = 0; path = singatweetTests.xctest; sourceTree = BUILT_PRODUCTS_DIR; };
		8B9E08401A68B6EF0041FCC2 /* Info.plist */ = {isa = PBXFileReference; lastKnownFileType = text.plist.xml; path = Info.plist; sourceTree = "<group>"; };
		8B9E08411A68B6EF0041FCC2 /* singatweetTests.m */ = {isa = PBXFileReference; lastKnownFileType = sourcecode.c.objc; path = singatweetTests.m; sourceTree = "<group>"; };
		8BDF90EB1A78AC090017A846 /* Fabric.framework */ = {isa = PBXFileReference; lastKnownFileType = wrapper.framework; path = Fabric.framework; sourceTree = "<group>"; };
		8BFA73351A78AF5D0033D6AC /* Crashlytics.framework */ = {isa = PBXFileReference; lastKnownFileType = wrapper.framework; path = Crashlytics.framework; sourceTree = "<group>"; };
/* End PBXFileReference section */

/* Begin PBXFrameworksBuildPhase section */
		8B9E081F1A68B6EF0041FCC2 /* Frameworks */ = {
			isa = PBXFrameworksBuildPhase;
			buildActionMask = 2147483647;
			files = (
				8B2FE3AB1A8843100063C1E2 /* CoreData.framework in Frameworks */,
				8B41DF711A8926E900F5C7A0 /* TwitterKit.framework in Frameworks */,
				F703042E819041E28C3B1941 /* libPods.a in Frameworks */,
				8BFA73361A78AF5D0033D6AC /* Crashlytics.framework in Frameworks */,
				8BDF90EE1A78AC090017A846 /* Fabric.framework in Frameworks */,
			);
			runOnlyForDeploymentPostprocessing = 0;
		};
		8B9E08381A68B6EF0041FCC2 /* Frameworks */ = {
			isa = PBXFrameworksBuildPhase;
			buildActionMask = 2147483647;
			files = (
			);
			runOnlyForDeploymentPostprocessing = 0;
		};
/* End PBXFrameworksBuildPhase section */

/* Begin PBXGroup section */
		8B202EA81A86DF650096D2DB /* View */ = {
			isa = PBXGroup;
			children = (
				8B202EA91A86DF7A0096D2DB /* STRootViewWireframe.h */,
				8B202EAA1A86DF7A0096D2DB /* STRootViewWireframe.m */,
			);
			name = View;
			sourceTree = "<group>";
		};
		8B2FE3A11A883B4F0063C1E2 /* View */ = {
			isa = PBXGroup;
			children = (
				8B9E082C1A68B6EF0041FCC2 /* STRecordViewController.h */,
				8B9E082D1A68B6EF0041FCC2 /* STRecordViewController.m */,
				8B41DF641A88500700F5C7A0 /* STRecordViewInterface.h */,
			);
			name = View;
			sourceTree = "<group>";
		};
		8B2FE3A21A883B5D0063C1E2 /* Presenter */ = {
			isa = PBXGroup;
			children = (
				8B2FE3A41A883B950063C1E2 /* STRecordPresenter.h */,
				8B2FE3A51A883B950063C1E2 /* STRecordPresenter.m */,
			);
			name = Presenter;
			sourceTree = "<group>";
		};
		8B2FE3A31A883B650063C1E2 /* Wireframe */ = {
			isa = PBXGroup;
			children = (
				8B2FE3A71A883BBE0063C1E2 /* STRecordWireframe.h */,
				8B2FE3A81A883BBE0063C1E2 /* STRecordWireframe.m */,
			);
			name = Wireframe;
			sourceTree = "<group>";
		};
		8B5527A41A96D9E60084C865 /* Services */ = {
			isa = PBXGroup;
			children = (
				8B5527A61A96DAF80084C865 /* STSongUploadService.h */,
				8B5527A71A96DB720084C865 /* STS3SongUploadService.h */,
				8B5527A81A96DB720084C865 /* STS3SongUploadService.m */,
			);
			name = Services;
			sourceTree = "<group>";
		};
		8B5527A51A96D9F40084C865 /* Interactor */ = {
			isa = PBXGroup;
			children = (
				8B852CFC1A88186400B40722 /* STRecordInteractor.h */,
				8B852CFD1A88186400B40722 /* STRecordInteractor.m */,
				8B1276FB1A8DA2F700FFAC29 /* STRecordInteractorIO.h */,
			);
			name = Interactor;
			sourceTree = "<group>";
		};
		8B852CF71A8816C000B40722 /* Record */ = {
			isa = PBXGroup;
			children = (
				8B852CF81A8816CB00B40722 /* Module Interface */,
				8B852CF91A8816D800B40722 /* Application Logic */,
				8B852CFA1A8816E600B40722 /* User Interface */,
			);
			name = Record;
			sourceTree = "<group>";
		};
		8B852CF81A8816CB00B40722 /* Module Interface */ = {
			isa = PBXGroup;
			children = (
				8B852CFB1A88170900B40722 /* STRecordModuleInterface.h */,
			);
			name = "Module Interface";
			sourceTree = "<group>";
		};
		8B852CF91A8816D800B40722 /* Application Logic */ = {
			isa = PBXGroup;
			children = (
				8B5527A51A96D9F40084C865 /* Interactor */,
				8B5527A41A96D9E60084C865 /* Services */,
			);
			name = "Application Logic";
			sourceTree = "<group>";
		};
		8B852CFA1A8816E600B40722 /* User Interface */ = {
			isa = PBXGroup;
			children = (
				8B2FE3A31A883B650063C1E2 /* Wireframe */,
				8B2FE3A11A883B4F0063C1E2 /* View */,
				8B2FE3A21A883B5D0063C1E2 /* Presenter */,
			);
			name = "User Interface";
			sourceTree = "<group>";
		};
		8B8A46D31A845E7F00A8BA8B /* Modules */ = {
			isa = PBXGroup;
			children = (
				8B852CF71A8816C000B40722 /* Record */,
				8B8A46D41A845EA500A8BA8B /* List */,
			);
			name = Modules;
			sourceTree = "<group>";
		};
		8B8A46D41A845EA500A8BA8B /* List */ = {
			isa = PBXGroup;
			children = (
				8B8A46D51A845FE700A8BA8B /* Module Interface */,
				8B8A46D61A845FFD00A8BA8B /* Application Logic */,
				8B8A46D91A84604200A8BA8B /* User Interface */,
			);
			name = List;
			sourceTree = "<group>";
		};
		8B8A46D51A845FE700A8BA8B /* Module Interface */ = {
			isa = PBXGroup;
			children = (
				8B8A46DD1A84609D00A8BA8B /* STListModuleInteface.h */,
			);
			name = "Module Interface";
			sourceTree = "<group>";
		};
		8B8A46D61A845FFD00A8BA8B /* Application Logic */ = {
			isa = PBXGroup;
			children = (
				8B8A46D81A84602300A8BA8B /* Data Manager */,
				8B8A46D71A84600C00A8BA8B /* Interactor */,
			);
			name = "Application Logic";
			sourceTree = "<group>";
		};
		8B8A46D71A84600C00A8BA8B /* Interactor */ = {
			isa = PBXGroup;
			children = (
				8B202E9E1A86CE020096D2DB /* STListTweetInteractorIO.h */,
				8B202E9F1A86CF220096D2DB /* STListTweetInteractor.h */,
				8B202EA01A86CF220096D2DB /* STListTweetInteractor.m */,
			);
			name = Interactor;
			sourceTree = "<group>";
		};
		8B8A46D81A84602300A8BA8B /* Data Manager */ = {
			isa = PBXGroup;
			children = (
				8B8A46E21A8465F000A8BA8B /* STListTweetDataManager.h */,
				8B8A46E31A8465F000A8BA8B /* STListTweetDataManager.m */,
			);
			name = "Data Manager";
			sourceTree = "<group>";
		};
		8B8A46D91A84604200A8BA8B /* User Interface */ = {
			isa = PBXGroup;
			children = (
				8B8A46DC1A84606000A8BA8B /* Wireframe */,
				8B8A46DB1A84605A00A8BA8B /* View */,
				8B8A46DA1A84605300A8BA8B /* Presenter */,
			);
			name = "User Interface";
			sourceTree = "<group>";
		};
		8B8A46DA1A84605300A8BA8B /* Presenter */ = {
			isa = PBXGroup;
			children = (
				8B202EA21A86D5170096D2DB /* STListTweetPresenter.h */,
				8B202EA31A86D5170096D2DB /* STListTweetPresenter.m */,
			);
			name = Presenter;
			sourceTree = "<group>";
		};
		8B8A46DB1A84605A00A8BA8B /* View */ = {
			isa = PBXGroup;
			children = (
				8B8A46DE1A84624100A8BA8B /* STListTweetViewController.h */,
				8B8A46DF1A84624100A8BA8B /* STListTweetViewController.m */,
				8B8A46E11A8462D200A8BA8B /* STListTweetViewInterface.h */,
				8B202EAF1A870D590096D2DB /* STTwitterViewDelegateHandler.h */,
				8B202EB01A870D590096D2DB /* STTwitterViewDelegateHandler.m */,
			);
			name = View;
			sourceTree = "<group>";
		};
		8B8A46DC1A84606000A8BA8B /* Wireframe */ = {
			isa = PBXGroup;
			children = (
				8B202EA51A86DEED0096D2DB /* STListTweetWireframe.h */,
				8B202EA61A86DEED0096D2DB /* STListTweetWireframe.m */,
			);
			name = Wireframe;
			sourceTree = "<group>";
		};
		8B8A46E51A8466A500A8BA8B /* Common */ = {
			isa = PBXGroup;
			children = (
				8B202EA81A86DF650096D2DB /* View */,
				8B8A46E61A8466AB00A8BA8B /* Store */,
			);
			name = Common;
			sourceTree = "<group>";
		};
		8B8A46E61A8466AB00A8BA8B /* Store */ = {
			isa = PBXGroup;
			children = (
			);
			name = Store;
			sourceTree = "<group>";
		};
		8B9E08191A68B6EF0041FCC2 = {
			isa = PBXGroup;
			children = (
				8B9E08241A68B6EF0041FCC2 /* singatweet */,
				8B9E083E1A68B6EF0041FCC2 /* singatweetTests */,
				8B9E08231A68B6EF0041FCC2 /* Products */,
				39A1E4D37F134CD683D35006 /* Pods.xcconfig */,
				E7E84A8DBEF147E2BCEC45A8 /* Frameworks */,
			);
			sourceTree = "<group>";
		};
		8B9E08231A68B6EF0041FCC2 /* Products */ = {
			isa = PBXGroup;
			children = (
				8B9E08221A68B6EF0041FCC2 /* singatweet.app */,
				8B9E083B1A68B6EF0041FCC2 /* singatweetTests.xctest */,
			);
			name = Products;
			sourceTree = "<group>";
		};
		8B9E08241A68B6EF0041FCC2 /* singatweet */ = {
			isa = PBXGroup;
			children = (
				8B8A46E51A8466A500A8BA8B /* Common */,
				8B8A46D31A845E7F00A8BA8B /* Modules */,
				8B4609E11A7EF28500F2231B /* tick.wav */,
				8B9E08291A68B6EF0041FCC2 /* AppDelegate.h */,
				8B9E082A1A68B6EF0041FCC2 /* AppDelegate.m */,
				8B202EAC1A86E1640096D2DB /* STAppDependencies.h */,
				8B202EAD1A86E1640096D2DB /* STAppDependencies.m */,
				8B9E082F1A68B6EF0041FCC2 /* Main.storyboard */,
				8B9E08321A68B6EF0041FCC2 /* Images.xcassets */,
				8B9E08341A68B6EF0041FCC2 /* LaunchScreen.xib */,
				8B9E08251A68B6EF0041FCC2 /* Supporting Files */,
				8B6148AE1A7599CE0083CF7D /* TPOscilloscopeLayer.h */,
				8B6148AF1A7599CE0083CF7D /* TPOscilloscopeLayer.m */,
				8B6148B11A767BBC0083CF7D /* STRecordingTweetView.h */,
				8B6148B21A767BBC0083CF7D /* STRecordingTweetView.m */,
			);
			path = singatweet;
			sourceTree = "<group>";
		};
		8B9E08251A68B6EF0041FCC2 /* Supporting Files */ = {
			isa = PBXGroup;
			children = (
				8B9E08261A68B6EF0041FCC2 /* Info.plist */,
				8B9E08271A68B6EF0041FCC2 /* main.m */,
			);
			name = "Supporting Files";
			sourceTree = "<group>";
		};
		8B9E083E1A68B6EF0041FCC2 /* singatweetTests */ = {
			isa = PBXGroup;
			children = (
				8B9E08411A68B6EF0041FCC2 /* singatweetTests.m */,
				8B9E083F1A68B6EF0041FCC2 /* Supporting Files */,
			);
			path = singatweetTests;
			sourceTree = "<group>";
		};
		8B9E083F1A68B6EF0041FCC2 /* Supporting Files */ = {
			isa = PBXGroup;
			children = (
				8B9E08401A68B6EF0041FCC2 /* Info.plist */,
			);
			name = "Supporting Files";
			sourceTree = "<group>";
		};
		E7E84A8DBEF147E2BCEC45A8 /* Frameworks */ = {
			isa = PBXGroup;
			children = (
				8B41DF6F1A8926E900F5C7A0 /* TwitterKit.framework */,
				8B41DF701A8926E900F5C7A0 /* TwitterKitResources.bundle */,
				8B2FE3AA1A8843100063C1E2 /* CoreData.framework */,
				8BFA73351A78AF5D0033D6AC /* Crashlytics.framework */,
				8BDF90EB1A78AC090017A846 /* Fabric.framework */,
				89255BCE403D4203A037031A /* libPods.a */,
			);
			name = Frameworks;
			sourceTree = "<group>";
		};
/* End PBXGroup section */

/* Begin PBXNativeTarget section */
		8B9E08211A68B6EF0041FCC2 /* singatweet */ = {
			isa = PBXNativeTarget;
			buildConfigurationList = 8B9E08451A68B6EF0041FCC2 /* Build configuration list for PBXNativeTarget "singatweet" */;
			buildPhases = (
				869517EAEF594FFFAEACFEBE /* Check Pods Manifest.lock */,
				8B9E081E1A68B6EF0041FCC2 /* Sources */,
				8B9E081F1A68B6EF0041FCC2 /* Frameworks */,
				8B9E08201A68B6EF0041FCC2 /* Resources */,
				4B8EB035DFC049749952A97C /* Copy Pods Resources */,
				8BDF90E81A78ABCF0017A846 /* ShellScript */,
			);
			buildRules = (
			);
			dependencies = (
			);
			name = singatweet;
			productName = singatweet;
			productReference = 8B9E08221A68B6EF0041FCC2 /* singatweet.app */;
			productType = "com.apple.product-type.application";
		};
		8B9E083A1A68B6EF0041FCC2 /* singatweetTests */ = {
			isa = PBXNativeTarget;
			buildConfigurationList = 8B9E08481A68B6EF0041FCC2 /* Build configuration list for PBXNativeTarget "singatweetTests" */;
			buildPhases = (
				8B9E08371A68B6EF0041FCC2 /* Sources */,
				8B9E08381A68B6EF0041FCC2 /* Frameworks */,
				8B9E08391A68B6EF0041FCC2 /* Resources */,
			);
			buildRules = (
			);
			dependencies = (
				8B9E083D1A68B6EF0041FCC2 /* PBXTargetDependency */,
			);
			name = singatweetTests;
			productName = singatweetTests;
			productReference = 8B9E083B1A68B6EF0041FCC2 /* singatweetTests.xctest */;
			productType = "com.apple.product-type.bundle.unit-test";
		};
/* End PBXNativeTarget section */

/* Begin PBXProject section */
		8B9E081A1A68B6EF0041FCC2 /* Project object */ = {
			isa = PBXProject;
			attributes = {
				LastUpgradeCheck = 0610;
				ORGANIZATIONNAME = ironark;
				TargetAttributes = {
					8B9E08211A68B6EF0041FCC2 = {
						CreatedOnToolsVersion = 6.1.1;
					};
					8B9E083A1A68B6EF0041FCC2 = {
						CreatedOnToolsVersion = 6.1.1;
						TestTargetID = 8B9E08211A68B6EF0041FCC2;
					};
				};
			};
			buildConfigurationList = 8B9E081D1A68B6EF0041FCC2 /* Build configuration list for PBXProject "singatweet" */;
			compatibilityVersion = "Xcode 3.2";
			developmentRegion = English;
			hasScannedForEncodings = 0;
			knownRegions = (
				en,
				Base,
			);
			mainGroup = 8B9E08191A68B6EF0041FCC2;
			productRefGroup = 8B9E08231A68B6EF0041FCC2 /* Products */;
			projectDirPath = "";
			projectRoot = "";
			targets = (
				8B9E08211A68B6EF0041FCC2 /* singatweet */,
				8B9E083A1A68B6EF0041FCC2 /* singatweetTests */,
			);
		};
/* End PBXProject section */

/* Begin PBXResourcesBuildPhase section */
		8B9E08201A68B6EF0041FCC2 /* Resources */ = {
			isa = PBXResourcesBuildPhase;
			buildActionMask = 2147483647;
			files = (
				8B4609E21A7EF28500F2231B /* tick.wav in Resources */,
				8B9E08311A68B6EF0041FCC2 /* Main.storyboard in Resources */,
				8B9E08361A68B6EF0041FCC2 /* LaunchScreen.xib in Resources */,
				8B9E08331A68B6EF0041FCC2 /* Images.xcassets in Resources */,
				8B41DF721A8926E900F5C7A0 /* TwitterKitResources.bundle in Resources */,
			);
			runOnlyForDeploymentPostprocessing = 0;
		};
		8B9E08391A68B6EF0041FCC2 /* Resources */ = {
			isa = PBXResourcesBuildPhase;
			buildActionMask = 2147483647;
			files = (
			);
			runOnlyForDeploymentPostprocessing = 0;
		};
/* End PBXResourcesBuildPhase section */

/* Begin PBXShellScriptBuildPhase section */
		4B8EB035DFC049749952A97C /* Copy Pods Resources */ = {
			isa = PBXShellScriptBuildPhase;
			buildActionMask = 2147483647;
			files = (
			);
			inputPaths = (
			);
			name = "Copy Pods Resources";
			outputPaths = (
			);
			runOnlyForDeploymentPostprocessing = 0;
			shellPath = /bin/sh;
			shellScript = "\"${SRCROOT}/Pods/Pods-resources.sh\"\n";
			showEnvVarsInLog = 0;
		};
		869517EAEF594FFFAEACFEBE /* Check Pods Manifest.lock */ = {
			isa = PBXShellScriptBuildPhase;
			buildActionMask = 2147483647;
			files = (
			);
			inputPaths = (
			);
			name = "Check Pods Manifest.lock";
			outputPaths = (
			);
			runOnlyForDeploymentPostprocessing = 0;
			shellPath = /bin/sh;
			shellScript = "diff \"${PODS_ROOT}/../Podfile.lock\" \"${PODS_ROOT}/Manifest.lock\" > /dev/null\nif [[ $? != 0 ]] ; then\n    cat << EOM\nerror: The sandbox is not in sync with the Podfile.lock. Run 'pod install' or update your CocoaPods installation.\nEOM\n    exit 1\nfi\n";
			showEnvVarsInLog = 0;
		};
		8BDF90E81A78ABCF0017A846 /* ShellScript */ = {
			isa = PBXShellScriptBuildPhase;
			buildActionMask = 2147483647;
			files = (
			);
			inputPaths = (
			);
			outputPaths = (
			);
			runOnlyForDeploymentPostprocessing = 0;
			shellPath = /bin/sh;
			shellScript = "./Fabric.framework/run 74bdcff61e2d571ed239ce26f392cd1cc530205c e0e67b7ffcca2416e7ada41d9e8ac178cf2736984337fa6a02cfd6b0af781cc7";
		};
/* End PBXShellScriptBuildPhase section */

/* Begin PBXSourcesBuildPhase section */
		8B9E081E1A68B6EF0041FCC2 /* Sources */ = {
			isa = PBXSourcesBuildPhase;
			buildActionMask = 2147483647;
			files = (
				8B6148B31A767BBC0083CF7D /* STRecordingTweetView.m in Sources */,
				8B202EAE1A86E1640096D2DB /* STAppDependencies.m in Sources */,
				8B202EB11A870D590096D2DB /* STTwitterViewDelegateHandler.m in Sources */,
				8B5527A91A96DB720084C865 /* STS3SongUploadService.m in Sources */,
				8B2FE3A61A883B950063C1E2 /* STRecordPresenter.m in Sources */,
				8B202EA11A86CF220096D2DB /* STListTweetInteractor.m in Sources */,
				8B202EA41A86D5170096D2DB /* STListTweetPresenter.m in Sources */,
				8B2FE3A91A883BBE0063C1E2 /* STRecordWireframe.m in Sources */,
				8B6148B01A7599CE0083CF7D /* TPOscilloscopeLayer.m in Sources */,
				8B8A46E41A8465F000A8BA8B /* STListTweetDataManager.m in Sources */,
				8B9E082E1A68B6EF0041FCC2 /* STRecordViewController.m in Sources */,
				8B9E082B1A68B6EF0041FCC2 /* AppDelegate.m in Sources */,
				8B202EAB1A86DF7A0096D2DB /* STRootViewWireframe.m in Sources */,
				8B202EA71A86DEED0096D2DB /* STListTweetWireframe.m in Sources */,
				8B9E08281A68B6EF0041FCC2 /* main.m in Sources */,
				8B852CFE1A88186400B40722 /* STRecordInteractor.m in Sources */,
				8B8A46E01A84624100A8BA8B /* STListTweetViewController.m in Sources */,
			);
			runOnlyForDeploymentPostprocessing = 0;
		};
		8B9E08371A68B6EF0041FCC2 /* Sources */ = {
			isa = PBXSourcesBuildPhase;
			buildActionMask = 2147483647;
			files = (
				8B9E08421A68B6EF0041FCC2 /* singatweetTests.m in Sources */,
			);
			runOnlyForDeploymentPostprocessing = 0;
		};
/* End PBXSourcesBuildPhase section */

/* Begin PBXTargetDependency section */
		8B9E083D1A68B6EF0041FCC2 /* PBXTargetDependency */ = {
			isa = PBXTargetDependency;
			target = 8B9E08211A68B6EF0041FCC2 /* singatweet */;
			targetProxy = 8B9E083C1A68B6EF0041FCC2 /* PBXContainerItemProxy */;
		};
/* End PBXTargetDependency section */

/* Begin PBXVariantGroup section */
		8B9E082F1A68B6EF0041FCC2 /* Main.storyboard */ = {
			isa = PBXVariantGroup;
			children = (
				8B9E08301A68B6EF0041FCC2 /* Base */,
			);
			name = Main.storyboard;
			sourceTree = "<group>";
		};
		8B9E08341A68B6EF0041FCC2 /* LaunchScreen.xib */ = {
			isa = PBXVariantGroup;
			children = (
				8B9E08351A68B6EF0041FCC2 /* Base */,
			);
			name = LaunchScreen.xib;
			sourceTree = "<group>";
		};
/* End PBXVariantGroup section */

/* Begin XCBuildConfiguration section */
		8B9E08431A68B6EF0041FCC2 /* Debug */ = {
			isa = XCBuildConfiguration;
			buildSettings = {
				ALWAYS_SEARCH_USER_PATHS = NO;
				CLANG_CXX_LANGUAGE_STANDARD = "gnu++0x";
				CLANG_CXX_LIBRARY = "libc++";
				CLANG_ENABLE_MODULES = YES;
				CLANG_ENABLE_OBJC_ARC = YES;
				CLANG_WARN_BOOL_CONVERSION = YES;
				CLANG_WARN_CONSTANT_CONVERSION = YES;
				CLANG_WARN_DIRECT_OBJC_ISA_USAGE = YES_ERROR;
				CLANG_WARN_EMPTY_BODY = YES;
				CLANG_WARN_ENUM_CONVERSION = YES;
				CLANG_WARN_INT_CONVERSION = YES;
				CLANG_WARN_OBJC_ROOT_CLASS = YES_ERROR;
				CLANG_WARN_UNREACHABLE_CODE = YES;
				CLANG_WARN__DUPLICATE_METHOD_MATCH = YES;
				"CODE_SIGN_IDENTITY[sdk=iphoneos*]" = "iPhone Developer";
				COPY_PHASE_STRIP = NO;
				ENABLE_STRICT_OBJC_MSGSEND = YES;
				GCC_C_LANGUAGE_STANDARD = gnu99;
				GCC_DYNAMIC_NO_PIC = NO;
				GCC_OPTIMIZATION_LEVEL = 0;
				GCC_PREPROCESSOR_DEFINITIONS = (
					"DEBUG=1",
					"$(inherited)",
				);
				GCC_SYMBOLS_PRIVATE_EXTERN = NO;
				GCC_WARN_64_TO_32_BIT_CONVERSION = YES;
				GCC_WARN_ABOUT_RETURN_TYPE = YES_ERROR;
				GCC_WARN_UNDECLARED_SELECTOR = YES;
				GCC_WARN_UNINITIALIZED_AUTOS = YES_AGGRESSIVE;
				GCC_WARN_UNUSED_FUNCTION = YES;
				GCC_WARN_UNUSED_VARIABLE = YES;
				IPHONEOS_DEPLOYMENT_TARGET = 8.1;
				MTL_ENABLE_DEBUG_INFO = YES;
				ONLY_ACTIVE_ARCH = YES;
				SDKROOT = iphoneos;
			};
			name = Debug;
		};
		8B9E08441A68B6EF0041FCC2 /* Release */ = {
			isa = XCBuildConfiguration;
			buildSettings = {
				ALWAYS_SEARCH_USER_PATHS = NO;
				CLANG_CXX_LANGUAGE_STANDARD = "gnu++0x";
				CLANG_CXX_LIBRARY = "libc++";
				CLANG_ENABLE_MODULES = YES;
				CLANG_ENABLE_OBJC_ARC = YES;
				CLANG_WARN_BOOL_CONVERSION = YES;
				CLANG_WARN_CONSTANT_CONVERSION = YES;
				CLANG_WARN_DIRECT_OBJC_ISA_USAGE = YES_ERROR;
				CLANG_WARN_EMPTY_BODY = YES;
				CLANG_WARN_ENUM_CONVERSION = YES;
				CLANG_WARN_INT_CONVERSION = YES;
				CLANG_WARN_OBJC_ROOT_CLASS = YES_ERROR;
				CLANG_WARN_UNREACHABLE_CODE = YES;
				CLANG_WARN__DUPLICATE_METHOD_MATCH = YES;
				"CODE_SIGN_IDENTITY[sdk=iphoneos*]" = "iPhone Developer";
				COPY_PHASE_STRIP = YES;
				ENABLE_NS_ASSERTIONS = NO;
				ENABLE_STRICT_OBJC_MSGSEND = YES;
				GCC_C_LANGUAGE_STANDARD = gnu99;
				GCC_WARN_64_TO_32_BIT_CONVERSION = YES;
				GCC_WARN_ABOUT_RETURN_TYPE = YES_ERROR;
				GCC_WARN_UNDECLARED_SELECTOR = YES;
				GCC_WARN_UNINITIALIZED_AUTOS = YES_AGGRESSIVE;
				GCC_WARN_UNUSED_FUNCTION = YES;
				GCC_WARN_UNUSED_VARIABLE = YES;
				IPHONEOS_DEPLOYMENT_TARGET = 8.1;
				MTL_ENABLE_DEBUG_INFO = NO;
				SDKROOT = iphoneos;
				VALIDATE_PRODUCT = YES;
			};
			name = Release;
		};
		8B9E08461A68B6EF0041FCC2 /* Debug */ = {
			isa = XCBuildConfiguration;
			baseConfigurationReference = 39A1E4D37F134CD683D35006 /* Pods.xcconfig */;
			buildSettings = {
				ASSETCATALOG_COMPILER_APPICON_NAME = AppIcon;
				FRAMEWORK_SEARCH_PATHS = (
					"$(inherited)",
					"$(PROJECT_DIR)",
				);
				INFOPLIST_FILE = singatweet/Info.plist;
				IPHONEOS_DEPLOYMENT_TARGET = 8.0;
				LD_RUNPATH_SEARCH_PATHS = "$(inherited) @executable_path/Frameworks";
				PRODUCT_NAME = "$(TARGET_NAME)";
			};
			name = Debug;
		};
		8B9E08471A68B6EF0041FCC2 /* Release */ = {
			isa = XCBuildConfiguration;
			baseConfigurationReference = 39A1E4D37F134CD683D35006 /* Pods.xcconfig */;
			buildSettings = {
				ASSETCATALOG_COMPILER_APPICON_NAME = AppIcon;
				FRAMEWORK_SEARCH_PATHS = (
					"$(inherited)",
					"$(PROJECT_DIR)",
				);
				INFOPLIST_FILE = singatweet/Info.plist;
				IPHONEOS_DEPLOYMENT_TARGET = 8.0;
				LD_RUNPATH_SEARCH_PATHS = "$(inherited) @executable_path/Frameworks";
				PRODUCT_NAME = "$(TARGET_NAME)";
			};
			name = Release;
		};
		8B9E08491A68B6EF0041FCC2 /* Debug */ = {
			isa = XCBuildConfiguration;
			buildSettings = {
				BUNDLE_LOADER = "$(TEST_HOST)";
				FRAMEWORK_SEARCH_PATHS = (
					"$(SDKROOT)/Developer/Library/Frameworks",
					"$(inherited)",
				);
				GCC_PREPROCESSOR_DEFINITIONS = (
					"DEBUG=1",
					"$(inherited)",
				);
				INFOPLIST_FILE = singatweetTests/Info.plist;
				LD_RUNPATH_SEARCH_PATHS = "$(inherited) @executable_path/Frameworks @loader_path/Frameworks";
				PRODUCT_NAME = "$(TARGET_NAME)";
				TEST_HOST = "$(BUILT_PRODUCTS_DIR)/singatweet.app/singatweet";
			};
			name = Debug;
		};
		8B9E084A1A68B6EF0041FCC2 /* Release */ = {
			isa = XCBuildConfiguration;
			buildSettings = {
				BUNDLE_LOADER = "$(TEST_HOST)";
				FRAMEWORK_SEARCH_PATHS = (
					"$(SDKROOT)/Developer/Library/Frameworks",
					"$(inherited)",
				);
				INFOPLIST_FILE = singatweetTests/Info.plist;
				LD_RUNPATH_SEARCH_PATHS = "$(inherited) @executable_path/Frameworks @loader_path/Frameworks";
				PRODUCT_NAME = "$(TARGET_NAME)";
				TEST_HOST = "$(BUILT_PRODUCTS_DIR)/singatweet.app/singatweet";
			};
			name = Release;
		};
/* End XCBuildConfiguration section */

/* Begin XCConfigurationList section */
		8B9E081D1A68B6EF0041FCC2 /* Build configuration list for PBXProject "singatweet" */ = {
			isa = XCConfigurationList;
			buildConfigurations = (
				8B9E08431A68B6EF0041FCC2 /* Debug */,
				8B9E08441A68B6EF0041FCC2 /* Release */,
			);
			defaultConfigurationIsVisible = 0;
			defaultConfigurationName = Release;
		};
		8B9E08451A68B6EF0041FCC2 /* Build configuration list for PBXNativeTarget "singatweet" */ = {
			isa = XCConfigurationList;
			buildConfigurations = (
				8B9E08461A68B6EF0041FCC2 /* Debug */,
				8B9E08471A68B6EF0041FCC2 /* Release */,
			);
			defaultConfigurationIsVisible = 0;
			defaultConfigurationName = Release;
		};
		8B9E08481A68B6EF0041FCC2 /* Build configuration list for PBXNativeTarget "singatweetTests" */ = {
			isa = XCConfigurationList;
			buildConfigurations = (
				8B9E08491A68B6EF0041FCC2 /* Debug */,
				8B9E084A1A68B6EF0041FCC2 /* Release */,
			);
			defaultConfigurationIsVisible = 0;
			defaultConfigurationName = Release;
		};
/* End XCConfigurationList section */
	};
	rootObject = 8B9E081A1A68B6EF0041FCC2 /* Project object */;
}
